
Microsoft Visual Studio Solution File, Format Version 12.00
# Visual Studio 15
VisualStudioVersion = 15.0.27703.2042
MinimumVisualStudioVersion = 10.0.40219.1
Project("{FAE04EC0-301F-11D3-BF4B-00C04F79EFBC}") = "Votor", "Votor\Votor.csproj", "{ED5A3098-F02F-489B-BA99-450FA2CD9095}"
EndProject
Project("{E53339B2-1760-4266-BCC7-CA923CBCF16C}") = "docker-compose", "docker-compose.dcproj", "{00C6CCFB-88F6-40DB-A08B-794D21256E4D}"
EndProject
Global
	GlobalSection(SolutionConfigurationPlatforms) = preSolution
		Debug|Any CPU = Debug|Any CPU
		Release|Any CPU = Release|Any CPU
	EndGlobalSection
	GlobalSection(ProjectConfigurationPlatforms) = postSolution
		{ED5A3098-F02F-489B-BA99-450FA2CD9095}.Debug|Any CPU.ActiveCfg = Debug|Any CPU
		{ED5A3098-F02F-489B-BA99-450FA2CD9095}.Debug|Any CPU.Build.0 = Debug|Any CPU
		{ED5A3098-F02F-489B-BA99-450FA2CD9095}.Release|Any CPU.ActiveCfg = Release|Any CPU
		{ED5A3098-F02F-489B-BA99-450FA2CD9095}.Release|Any CPU.Build.0 = Release|Any CPU
		{00C6CCFB-88F6-40DB-A08B-794D21256E4D}.Debug|Any CPU.ActiveCfg = Debug|Any CPU
		{00C6CCFB-88F6-40DB-A08B-794D21256E4D}.Debug|Any CPU.Build.0 = Debug|Any CPU
		{00C6CCFB-88F6-40DB-A08B-794D21256E4D}.Release|Any CPU.ActiveCfg = Release|Any CPU
		{00C6CCFB-88F6-40DB-A08B-794D21256E4D}.Release|Any CPU.Build.0 = Release|Any CPU
	EndGlobalSection
	GlobalSection(SolutionProperties) = preSolution
		HideSolutionNode = FALSE
	EndGlobalSection
	GlobalSection(ExtensibilityGlobals) = postSolution
		SolutionGuid = {A032EAB7-A182-4F1F-8656-3275EE1C92CF}
	EndGlobalSection
EndGlobal
